
Microsoft Visual Studio Solution File, Format Version 12.00
# Visual Studio Version 16
VisualStudioVersion = 16.0.30413.136
MinimumVisualStudioVersion = 10.0.40219.1
Project("{888888A0-9F3D-457C-B088-3A5042F75D52}") = "Лабораторная №4", "Лабораторная №4\Лабораторная №4.pyproj", "{192A26C2-0787-445F-8ABB-45938639E5B4}"
EndProject
Global
	GlobalSection(SolutionConfigurationPlatforms) = preSolution
		Debug|Any CPU = Debug|Any CPU
		Release|Any CPU = Release|Any CPU
	EndGlobalSection
	GlobalSection(ProjectConfigurationPlatforms) = postSolution
		{192A26C2-0787-445F-8ABB-45938639E5B4}.Debug|Any CPU.ActiveCfg = Debug|Any CPU
		{192A26C2-0787-445F-8ABB-45938639E5B4}.Release|Any CPU.ActiveCfg = Release|Any CPU
	EndGlobalSection
	GlobalSection(SolutionProperties) = preSolution
		HideSolutionNode = FALSE
	EndGlobalSection
	GlobalSection(ExtensibilityGlobals) = postSolution
		SolutionGuid = {140FFF3C-C086-4BF0-B13D-51D1FCC76E42}
	EndGlobalSection
EndGlobal
